Microsoft Visual Studio Solution File, Format Version 12.00
# Visual Studio Version 17
VisualStudioVersion = 17.5.2.0
MinimumVisualStudioVersion = 10.0.40219.1
Project("{FAE04EC0-301F-11D3-BF4B-00C04F79EFBC}") = "SalesWebMvc", "SalesWebMvc\SalesWebMvc.csproj", "{0B8EF072-A439-8B98-4481-DF108737860E}"
EndProject
Global
	GlobalSection(SolutionConfigurationPlatforms) = preSolution
		Debug|Any CPU = Debug|Any CPU
		Release|Any CPU = Release|Any CPU
	EndGlobalSection
	GlobalSection(ProjectConfigurationPlatforms) = postSolution
		{0B8EF072-A439-8B98-4481-DF108737860E}.Debug|Any CPU.ActiveCfg = Debug|Any CPU
		{0B8EF072-A439-8B98-4481-DF108737860E}.Debug|Any CPU.Build.0 = Debug|Any CPU
		{0B8EF072-A439-8B98-4481-DF108737860E}.Release|Any CPU.ActiveCfg = Release|Any CPU
		{0B8EF072-A439-8B98-4481-DF108737860E}.Release|Any CPU.Build.0 = Release|Any CPU
	EndGlobalSection
	GlobalSection(SolutionProperties) = preSolution
		HideSolutionNode = FALSE
	EndGlobalSection
	GlobalSection(ExtensibilityGlobals) = postSolution
		SolutionGuid = {1AE0CADB-7A91-4B53-9EC6-9A6E28FA0A0C}
	EndGlobalSection
EndGlobal
